
Microsoft Visual Studio Solution File, Format Version 12.00
# Visual Studio Version 16
VisualStudioVersion = 16.0.30413.136
MinimumVisualStudioVersion = 10.0.40219.1
Project("{9A19103F-16F7-4668-BE54-9A1E7A4F7556}") = "Northwind", "Northwind.csproj", "{1EF04CCC-311F-40AB-8FCE-087E1C65D9D0}"
EndProject
Global
	GlobalSection(SolutionConfigurationPlatforms) = preSolution
		Debug|Any CPU = Debug|Any CPU
		Release|Any CPU = Release|Any CPU
	EndGlobalSection
	GlobalSection(ProjectConfigurationPlatforms) = postSolution
		{1EF04CCC-311F-40AB-8FCE-087E1C65D9D0}.Debug|Any CPU.ActiveCfg = Debug|Any CPU
		{1EF04CCC-311F-40AB-8FCE-087E1C65D9D0}.Debug|Any CPU.Build.0 = Debug|Any CPU
		{1EF04CCC-311F-40AB-8FCE-087E1C65D9D0}.Release|Any CPU.ActiveCfg = Release|Any CPU
		{1EF04CCC-311F-40AB-8FCE-087E1C65D9D0}.Release|Any CPU.Build.0 = Release|Any CPU
	EndGlobalSection
	GlobalSection(SolutionProperties) = preSolution
		HideSolutionNode = FALSE
	EndGlobalSection
	GlobalSection(ExtensibilityGlobals) = postSolution
		SolutionGuid = {DB9F8B7F-E891-4E01-A1E3-90B2D51BB8CB}
	EndGlobalSection
EndGlobal
